
Microsoft Visual Studio Solution File, Format Version 12.00
# Visual Studio 15
VisualStudioVersion = 15.0.28307.902
MinimumVisualStudioVersion = 10.0.40219.1
Project("{FAE04EC0-301F-11D3-BF4B-00C04F79EFBC}") = "SEOfriendlyURL", "SEOfriendlyURL\SEOfriendlyURL.csproj", "{7DE91018-DE96-4B5F-8D9F-BC9681B86116}"
EndProject
Global
	GlobalSection(SolutionConfigurationPlatforms) = preSolution
		Debug|Any CPU = Debug|Any CPU
		Release|Any CPU = Release|Any CPU
	EndGlobalSection
	GlobalSection(ProjectConfigurationPlatforms) = postSolution
		{7DE91018-DE96-4B5F-8D9F-BC9681B86116}.Debug|Any CPU.ActiveCfg = Debug|Any CPU
		{7DE91018-DE96-4B5F-8D9F-BC9681B86116}.Debug|Any CPU.Build.0 = Debug|Any CPU
		{7DE91018-DE96-4B5F-8D9F-BC9681B86116}.Release|Any CPU.ActiveCfg = Release|Any CPU
		{7DE91018-DE96-4B5F-8D9F-BC9681B86116}.Release|Any CPU.Build.0 = Release|Any CPU
	EndGlobalSection
	GlobalSection(SolutionProperties) = preSolution
		HideSolutionNode = FALSE
	EndGlobalSection
	GlobalSection(ExtensibilityGlobals) = postSolution
		SolutionGuid = {BA757588-8780-415F-852C-7BE806E9CF4E}
	EndGlobalSection
EndGlobal
